{
  "name": "@sampi/rbbrto",
  "version": "0.0.1",
  "lockfileVersion": 2,
  "requires": true,
  "packages": {
    "": {
      "name": "@sampi/rbbrto",
      "version": "0.0.1",
      "devDependencies": {
        "prettier": "^1.16.3"
      }
    },
    "node_modules/prettier": {
      "version": "1.16.3",
      "resolved": "https://registry.npmjs.org/prettier/-/prettier-1.16.3.tgz",
      "integrity": "sha512-kn/GU6SMRYPxUakNXhpP0EedT/KmaPzr0H5lIsDogrykbaxOpOfAFfk5XA7DZrJyMAv1wlMV3CPcZruGXVVUZw==",
      "dev": true,
      "bin": {
        "prettier": "bin-prettier.js"
      },
      "engines": {
        "node": ">=4"
      }
    }
  },
  "dependencies": {
    "prettier": {
      "version": "1.16.3",
      "resolved": "https://registry.npmjs.org/prettier/-/prettier-1.16.3.tgz",
      "integrity": "sha512-kn/GU6SMRYPxUakNXhpP0EedT/KmaPzr0H5lIsDogrykbaxOpOfAFfk5XA7DZrJyMAv1wlMV3CPcZruGXVVUZw==",
      "dev": true
    }
  }
}
